// !$*UTF8*$!
{
	archiveVersion = 1;
	classes = {
	};
	objectVersion = 51;
	objects = {

/* Begin PBXBuildFile section */
		49C2D0DBD4214A66FAAE2F8F /* Pods_TreasureHunter_TreasureHunterUITests.framework in Frameworks */ = {isa = PBXBuildFile; fileRef = CDE1F4E9859C127CDBBB06B5 /* Pods_TreasureHunter_TreasureHunterUITests.framework */; };
		A37C59EC143FC7CE66A28BD0 /* Pods_TreasureHunter.framework in Frameworks */ = {isa = PBXBuildFile; fileRef = 7C20B8D80731958A871733C8 /* Pods_TreasureHunter.framework */; };
		AF90694AA16AE14A747EE883 /* Pods_TreasureHunterTests.framework in Frameworks */ = {isa = PBXBuildFile; fileRef = DE0464D516257C770E3848A2 /* Pods_TreasureHunterTests.framework */; };
		BAE631EE2544665E005FAA21 /* HomeViewController.swift in Sources */ = {isa = PBXBuildFile; fileRef = BAE631ED2544665E005FAA21 /* HomeViewController.swift */; };
		E6CC24A82542F2BB004EF299 /* AppDelegate.swift in Sources */ = {isa = PBXBuildFile; fileRef = E6CC24A72542F2BB004EF299 /* AppDelegate.swift */; };
		E6CC24AA2542F2BB004EF299 /* SceneDelegate.swift in Sources */ = {isa = PBXBuildFile; fileRef = E6CC24A92542F2BB004EF299 /* SceneDelegate.swift */; };
		E6CC24AF2542F2BB004EF299 /* Main.storyboard in Resources */ = {isa = PBXBuildFile; fileRef = E6CC24AD2542F2BB004EF299 /* Main.storyboard */; };
		E6CC24B12542F2BD004EF299 /* Assets.xcassets in Resources */ = {isa = PBXBuildFile; fileRef = E6CC24B02542F2BD004EF299 /* Assets.xcassets */; };
		E6CC24B42542F2BD004EF299 /* LaunchScreen.storyboard in Resources */ = {isa = PBXBuildFile; fileRef = E6CC24B22542F2BD004EF299 /* LaunchScreen.storyboard */; };
		E6CC24BF2542F2BD004EF299 /* TreasureHunterTests.swift in Sources */ = {isa = PBXBuildFile; fileRef = E6CC24BE2542F2BD004EF299 /* TreasureHunterTests.swift */; };
		E6CC24CA2542F2BD004EF299 /* TreasureHunterUITests.swift in Sources */ = {isa = PBXBuildFile; fileRef = E6CC24C92542F2BD004EF299 /* TreasureHunterUITests.swift */; };
		E6CC24FE2543EEF9004EF299 /* GoogleService-Info.plist in Resources */ = {isa = PBXBuildFile; fileRef = E6CC24FD2543EEF9004EF299 /* GoogleService-Info.plist */; };
		E6CC25322543FAEB004EF299 /* LoginController.swift in Sources */ = {isa = PBXBuildFile; fileRef = E6CC25312543FAEB004EF299 /* LoginController.swift */; };
/* End PBXBuildFile section */

/* Begin PBXContainerItemProxy section */
		E6CC24BB2542F2BD004EF299 /* PBXContainerItemProxy */ = {
			isa = PBXContainerItemProxy;
			containerPortal = E6CC249C2542F2BB004EF299 /* Project object */;
			proxyType = 1;
			remoteGlobalIDString = E6CC24A32542F2BB004EF299;
			remoteInfo = TreasureHunter;
		};
		E6CC24C62542F2BD004EF299 /* PBXContainerItemProxy */ = {
			isa = PBXContainerItemProxy;
			containerPortal = E6CC249C2542F2BB004EF299 /* Project object */;
			proxyType = 1;
			remoteGlobalIDString = E6CC24A32542F2BB004EF299;
			remoteInfo = TreasureHunter;
		};
/* End PBXContainerItemProxy section */

/* Begin PBXFileReference section */
		3B45E7949ED7F3CB7803B646 /* Pods-TreasureHunter-TreasureHunterUITests.release.xcconfig */ = {isa = PBXFileReference; includeInIndex = 1; lastKnownFileType = text.xcconfig; name = "Pods-TreasureHunter-TreasureHunterUITests.release.xcconfig"; path = "Target Support Files/Pods-TreasureHunter-TreasureHunterUITests/Pods-TreasureHunter-TreasureHunterUITests.release.xcconfig"; sourceTree = "<group>"; };
		6B6D814EC850925ACDCCFC26 /* Pods-TreasureHunterTests.release.xcconfig */ = {isa = PBXFileReference; includeInIndex = 1; lastKnownFileType = text.xcconfig; name = "Pods-TreasureHunterTests.release.xcconfig"; path = "Target Support Files/Pods-TreasureHunterTests/Pods-TreasureHunterTests.release.xcconfig"; sourceTree = "<group>"; };
		6F03937542B01CF089C6060B /* Pods-TreasureHunter.release.xcconfig */ = {isa = PBXFileReference; includeInIndex = 1; lastKnownFileType = text.xcconfig; name = "Pods-TreasureHunter.release.xcconfig"; path = "Target Support Files/Pods-TreasureHunter/Pods-TreasureHunter.release.xcconfig"; sourceTree = "<group>"; };
		76BD4FDB5DF560E67D4AAB95 /* Pods-TreasureHunterTests.debug.xcconfig */ = {isa = PBXFileReference; includeInIndex = 1; lastKnownFileType = text.xcconfig; name = "Pods-TreasureHunterTests.debug.xcconfig"; path = "Target Support Files/Pods-TreasureHunterTests/Pods-TreasureHunterTests.debug.xcconfig"; sourceTree = "<group>"; };
		7C20B8D80731958A871733C8 /* Pods_TreasureHunter.framework */ = {isa = PBXFileReference; explicitFileType = wrapper.framework; includeInIndex = 0; path = Pods_TreasureHunter.framework; sourceTree = BUILT_PRODUCTS_DIR; };
		7F41D293B17E1A90EB5C3B21 /* Pods-TreasureHunter-TreasureHunterUITests.debug.xcconfig */ = {isa = PBXFileReference; includeInIndex = 1; lastKnownFileType = text.xcconfig; name = "Pods-TreasureHunter-TreasureHunterUITests.debug.xcconfig"; path = "Target Support Files/Pods-TreasureHunter-TreasureHunterUITests/Pods-TreasureHunter-TreasureHunterUITests.debug.xcconfig"; sourceTree = "<group>"; };
		BAE631ED2544665E005FAA21 /* HomeViewController.swift */ = {isa = PBXFileReference; lastKnownFileType = sourcecode.swift; path = HomeViewController.swift; sourceTree = "<group>"; };
		CDE1F4E9859C127CDBBB06B5 /* Pods_TreasureHunter_TreasureHunterUITests.framework */ = {isa = PBXFileReference; explicitFileType = wrapper.framework; includeInIndex = 0; path = Pods_TreasureHunter_TreasureHunterUITests.framework; sourceTree = BUILT_PRODUCTS_DIR; };
		D630200ED411D2A075E7DE84 /* Pods-TreasureHunter.debug.xcconfig */ = {isa = PBXFileReference; includeInIndex = 1; lastKnownFileType = text.xcconfig; name = "Pods-TreasureHunter.debug.xcconfig"; path = "Target Support Files/Pods-TreasureHunter/Pods-TreasureHunter.debug.xcconfig"; sourceTree = "<group>"; };
		DE0464D516257C770E3848A2 /* Pods_TreasureHunterTests.framework */ = {isa = PBXFileReference; explicitFileType = wrapper.framework; includeInIndex = 0; path = Pods_TreasureHunterTests.framework; sourceTree = BUILT_PRODUCTS_DIR; };
		E6CC24A42542F2BB004EF299 /* TreasureHunter.app */ = {isa = PBXFileReference; explicitFileType = wrapper.application; includeInIndex = 0; path = TreasureHunter.app; sourceTree = BUILT_PRODUCTS_DIR; };
		E6CC24A72542F2BB004EF299 /* AppDelegate.swift */ = {isa = PBXFileReference; lastKnownFileType = sourcecode.swift; path = AppDelegate.swift; sourceTree = "<group>"; };
		E6CC24A92542F2BB004EF299 /* SceneDelegate.swift */ = {isa = PBXFileReference; lastKnownFileType = sourcecode.swift; path = SceneDelegate.swift; sourceTree = "<group>"; };
		E6CC24AE2542F2BB004EF299 /* Base */ = {isa = PBXFileReference; lastKnownFileType = file.storyboard; name = Base; path = Base.lproj/Main.storyboard; sourceTree = "<group>"; };
		E6CC24B02542F2BD004EF299 /* Assets.xcassets */ = {isa = PBXFileReference; lastKnownFileType = folder.assetcatalog; path = Assets.xcassets; sourceTree = "<group>"; };
		E6CC24B32542F2BD004EF299 /* Base */ = {isa = PBXFileReference; lastKnownFileType = file.storyboard; name = Base; path = Base.lproj/LaunchScreen.storyboard; sourceTree = "<group>"; };
		E6CC24B52542F2BD004EF299 /* Info.plist */ = {isa = PBXFileReference; lastKnownFileType = text.plist.xml; path = Info.plist; sourceTree = "<group>"; };
		E6CC24BA2542F2BD004EF299 /* TreasureHunterTests.xctest */ = {isa = PBXFileReference; explicitFileType = wrapper.cfbundle; includeInIndex = 0; path = TreasureHunterTests.xctest; sourceTree = BUILT_PRODUCTS_DIR; };
		E6CC24BE2542F2BD004EF299 /* TreasureHunterTests.swift */ = {isa = PBXFileReference; lastKnownFileType = sourcecode.swift; path = TreasureHunterTests.swift; sourceTree = "<group>"; };
		E6CC24C02542F2BD004EF299 /* Info.plist */ = {isa = PBXFileReference; lastKnownFileType = text.plist.xml; path = Info.plist; sourceTree = "<group>"; };
		E6CC24C52542F2BD004EF299 /* TreasureHunterUITests.xctest */ = {isa = PBXFileReference; explicitFileType = wrapper.cfbundle; includeInIndex = 0; path = TreasureHunterUITests.xctest; sourceTree = BUILT_PRODUCTS_DIR; };
		E6CC24C92542F2BD004EF299 /* TreasureHunterUITests.swift */ = {isa = PBXFileReference; lastKnownFileType = sourcecode.swift; path = TreasureHunterUITests.swift; sourceTree = "<group>"; };
		E6CC24CB2542F2BD004EF299 /* Info.plist */ = {isa = PBXFileReference; lastKnownFileType = text.plist.xml; path = Info.plist; sourceTree = "<group>"; };
		E6CC24FD2543EEF9004EF299 /* GoogleService-Info.plist */ = {isa = PBXFileReference; fileEncoding = 4; lastKnownFileType = text.plist.xml; path = "GoogleService-Info.plist"; sourceTree = "<group>"; };
		E6CC25312543FAEB004EF299 /* LoginController.swift */ = {isa = PBXFileReference; lastKnownFileType = sourcecode.swift; path = LoginController.swift; sourceTree = "<group>"; };
/* End PBXFileReference section */

/* Begin PBXFrameworksBuildPhase section */
		E6CC24A12542F2BB004EF299 /* Frameworks */ = {
			isa = PBXFrameworksBuildPhase;
			buildActionMask = 2147483647;
			files = (
				A37C59EC143FC7CE66A28BD0 /* Pods_TreasureHunter.framework in Frameworks */,
			);
			runOnlyForDeploymentPostprocessing = 0;
		};
		E6CC24B72542F2BD004EF299 /* Frameworks */ = {
			isa = PBXFrameworksBuildPhase;
			buildActionMask = 2147483647;
			files = (
				AF90694AA16AE14A747EE883 /* Pods_TreasureHunterTests.framework in Frameworks */,
			);
			runOnlyForDeploymentPostprocessing = 0;
		};
		E6CC24C22542F2BD004EF299 /* Frameworks */ = {
			isa = PBXFrameworksBuildPhase;
			buildActionMask = 2147483647;
			files = (
				49C2D0DBD4214A66FAAE2F8F /* Pods_TreasureHunter_TreasureHunterUITests.framework in Frameworks */,
			);
			runOnlyForDeploymentPostprocessing = 0;
		};
/* End PBXFrameworksBuildPhase section */

/* Begin PBXGroup section */
		16FCABFA6606CF204B143D07 /* Frameworks */ = {
			isa = PBXGroup;
			children = (
				7C20B8D80731958A871733C8 /* Pods_TreasureHunter.framework */,
				CDE1F4E9859C127CDBBB06B5 /* Pods_TreasureHunter_TreasureHunterUITests.framework */,
				DE0464D516257C770E3848A2 /* Pods_TreasureHunterTests.framework */,
			);
			name = Frameworks;
			sourceTree = "<group>";
		};
		817E8DE0E9963EF7C189E467 /* Pods */ = {
			isa = PBXGroup;
			children = (
				D630200ED411D2A075E7DE84 /* Pods-TreasureHunter.debug.xcconfig */,
				6F03937542B01CF089C6060B /* Pods-TreasureHunter.release.xcconfig */,
				7F41D293B17E1A90EB5C3B21 /* Pods-TreasureHunter-TreasureHunterUITests.debug.xcconfig */,
				3B45E7949ED7F3CB7803B646 /* Pods-TreasureHunter-TreasureHunterUITests.release.xcconfig */,
				76BD4FDB5DF560E67D4AAB95 /* Pods-TreasureHunterTests.debug.xcconfig */,
				6B6D814EC850925ACDCCFC26 /* Pods-TreasureHunterTests.release.xcconfig */,
			);
			path = Pods;
			sourceTree = "<group>";
		};
		E6CC249B2542F2BB004EF299 = {
			isa = PBXGroup;
			children = (
				E6CC24A62542F2BB004EF299 /* TreasureHunter */,
				E6CC24BD2542F2BD004EF299 /* TreasureHunterTests */,
				E6CC24C82542F2BD004EF299 /* TreasureHunterUITests */,
				E6CC24A52542F2BB004EF299 /* Products */,
				817E8DE0E9963EF7C189E467 /* Pods */,
				16FCABFA6606CF204B143D07 /* Frameworks */,
			);
			sourceTree = "<group>";
		};
		E6CC24A52542F2BB004EF299 /* Products */ = {
			isa = PBXGroup;
			children = (
				E6CC24A42542F2BB004EF299 /* TreasureHunter.app */,
				E6CC24BA2542F2BD004EF299 /* TreasureHunterTests.xctest */,
				E6CC24C52542F2BD004EF299 /* TreasureHunterUITests.xctest */,
			);
			name = Products;
			sourceTree = "<group>";
		};
		E6CC24A62542F2BB004EF299 /* TreasureHunter */ = {
			isa = PBXGroup;
			children = (
				E6CC24A72542F2BB004EF299 /* AppDelegate.swift */,
				E6CC24A92542F2BB004EF299 /* SceneDelegate.swift */,
				E6CC24AD2542F2BB004EF299 /* Main.storyboard */,
				E6CC24B02542F2BD004EF299 /* Assets.xcassets */,
				E6CC24B22542F2BD004EF299 /* LaunchScreen.storyboard */,
				E6CC24B52542F2BD004EF299 /* Info.plist */,
				E6CC24FD2543EEF9004EF299 /* GoogleService-Info.plist */,
				E6CC25312543FAEB004EF299 /* LoginController.swift */,
				BAE631ED2544665E005FAA21 /* HomeViewController.swift */,
			);
			path = TreasureHunter;
			sourceTree = "<group>";
		};
		E6CC24BD2542F2BD004EF299 /* TreasureHunterTests */ = {
			isa = PBXGroup;
			children = (
				E6CC24BE2542F2BD004EF299 /* TreasureHunterTests.swift */,
				E6CC24C02542F2BD004EF299 /* Info.plist */,
			);
			path = TreasureHunterTests;
			sourceTree = "<group>";
		};
		E6CC24C82542F2BD004EF299 /* TreasureHunterUITests */ = {
			isa = PBXGroup;
			children = (
				E6CC24C92542F2BD004EF299 /* TreasureHunterUITests.swift */,
				E6CC24CB2542F2BD004EF299 /* Info.plist */,
			);
			path = TreasureHunterUITests;
			sourceTree = "<group>";
		};
/* End PBXGroup section */

/* Begin PBXNativeTarget section */
		E6CC24A32542F2BB004EF299 /* TreasureHunter */ = {
			isa = PBXNativeTarget;
			buildConfigurationList = E6CC24CE2542F2BD004EF299 /* Build configuration list for PBXNativeTarget "TreasureHunter" */;
			buildPhases = (
				3F8FBA64AFF7A4ED25C38D6F /* [CP] Check Pods Manifest.lock */,
				E6CC24A02542F2BB004EF299 /* Sources */,
				E6CC24A12542F2BB004EF299 /* Frameworks */,
				E6CC24A22542F2BB004EF299 /* Resources */,
				EB142D2BC2D3766F5E44B668 /* [CP] Embed Pods Frameworks */,
				35FDCA6295FEB9B29E52CAFB /* [CP] Copy Pods Resources */,
			);
			buildRules = (
			);
			dependencies = (
			);
			name = TreasureHunter;
			productName = TreasureHunter;
			productReference = E6CC24A42542F2BB004EF299 /* TreasureHunter.app */;
			productType = "com.apple.product-type.application";
		};
		E6CC24B92542F2BD004EF299 /* TreasureHunterTests */ = {
			isa = PBXNativeTarget;
			buildConfigurationList = E6CC24D12542F2BD004EF299 /* Build configuration list for PBXNativeTarget "TreasureHunterTests" */;
			buildPhases = (
				E5C75FB990393C23992CA3E5 /* [CP] Check Pods Manifest.lock */,
				E6CC24B62542F2BD004EF299 /* Sources */,
				E6CC24B72542F2BD004EF299 /* Frameworks */,
				E6CC24B82542F2BD004EF299 /* Resources */,
			);
			buildRules = (
			);
			dependencies = (
				E6CC24BC2542F2BD004EF299 /* PBXTargetDependency */,
			);
			name = TreasureHunterTests;
			productName = TreasureHunterTests;
			productReference = E6CC24BA2542F2BD004EF299 /* TreasureHunterTests.xctest */;
			productType = "com.apple.product-type.bundle.unit-test";
		};
		E6CC24C42542F2BD004EF299 /* TreasureHunterUITests */ = {
			isa = PBXNativeTarget;
			buildConfigurationList = E6CC24D42542F2BD004EF299 /* Build configuration list for PBXNativeTarget "TreasureHunterUITests" */;
			buildPhases = (
				C570DC7ED6C5C4C702AC3575 /* [CP] Check Pods Manifest.lock */,
				E6CC24C12542F2BD004EF299 /* Sources */,
				E6CC24C22542F2BD004EF299 /* Frameworks */,
				E6CC24C32542F2BD004EF299 /* Resources */,
				74D90399467D7A19448A1F25 /* [CP] Embed Pods Frameworks */,
				AB96698274519E867A66FD46 /* [CP] Copy Pods Resources */,
			);
			buildRules = (
			);
			dependencies = (
				E6CC24C72542F2BD004EF299 /* PBXTargetDependency */,
			);
			name = TreasureHunterUITests;
			productName = TreasureHunterUITests;
			productReference = E6CC24C52542F2BD004EF299 /* TreasureHunterUITests.xctest */;
			productType = "com.apple.product-type.bundle.ui-testing";
		};
/* End PBXNativeTarget section */

/* Begin PBXProject section */
		E6CC249C2542F2BB004EF299 /* Project object */ = {
			isa = PBXProject;
			attributes = {
				LastSwiftUpdateCheck = 1200;
				LastUpgradeCheck = 1200;
				TargetAttributes = {
					E6CC24A32542F2BB004EF299 = {
						CreatedOnToolsVersion = 12.0.1;
					};
					E6CC24B92542F2BD004EF299 = {
						CreatedOnToolsVersion = 12.0.1;
						TestTargetID = E6CC24A32542F2BB004EF299;
					};
					E6CC24C42542F2BD004EF299 = {
						CreatedOnToolsVersion = 12.0.1;
						TestTargetID = E6CC24A32542F2BB004EF299;
					};
				};
			};
			buildConfigurationList = E6CC249F2542F2BB004EF299 /* Build configuration list for PBXProject "TreasureHunter" */;
			compatibilityVersion = "Xcode 9.3";
			developmentRegion = en;
			hasScannedForEncodings = 0;
			knownRegions = (
				en,
				Base,
			);
			mainGroup = E6CC249B2542F2BB004EF299;
			productRefGroup = E6CC24A52542F2BB004EF299 /* Products */;
			projectDirPath = "";
			projectRoot = "";
			targets = (
				E6CC24A32542F2BB004EF299 /* TreasureHunter */,
				E6CC24B92542F2BD004EF299 /* TreasureHunterTests */,
				E6CC24C42542F2BD004EF299 /* TreasureHunterUITests */,
			);
		};
/* End PBXProject section */

/* Begin PBXResourcesBuildPhase section */
		E6CC24A22542F2BB004EF299 /* Resources */ = {
			isa = PBXResourcesBuildPhase;
			buildActionMask = 2147483647;
			files = (
				E6CC24B42542F2BD004EF299 /* LaunchScreen.storyboard in Resources */,
				E6CC24FE2543EEF9004EF299 /* GoogleService-Info.plist in Resources */,
				E6CC24B12542F2BD004EF299 /* Assets.xcassets in Resources */,
				E6CC24AF2542F2BB004EF299 /* Main.storyboard in Resources */,
			);
			runOnlyForDeploymentPostprocessing = 0;
		};
		E6CC24B82542F2BD004EF299 /* Resources */ = {
			isa = PBXResourcesBuildPhase;
			buildActionMask = 2147483647;
			files = (
			);
			runOnlyForDeploymentPostprocessing = 0;
		};
		E6CC24C32542F2BD004EF299 /* Resources */ = {
			isa = PBXResourcesBuildPhase;
			buildActionMask = 2147483647;
			files = (
			);
			runOnlyForDeploymentPostprocessing = 0;
		};
/* End PBXResourcesBuildPhase section */

/* Begin PBXShellScriptBuildPhase section */
		35FDCA6295FEB9B29E52CAFB /* [CP] Copy Pods Resources */ = {
			isa = PBXShellScriptBuildPhase;
			buildActionMask = 2147483647;
			files = (
			);
			inputFileListPaths = (
				"${PODS_ROOT}/Target Support Files/Pods-TreasureHunter/Pods-TreasureHunter-resources-${CONFIGURATION}-input-files.xcfilelist",
			);
			name = "[CP] Copy Pods Resources";
			outputFileListPaths = (
				"${PODS_ROOT}/Target Support Files/Pods-TreasureHunter/Pods-TreasureHunter-resources-${CONFIGURATION}-output-files.xcfilelist",
			);
			runOnlyForDeploymentPostprocessing = 0;
			shellPath = /bin/sh;
			shellScript = "\"${PODS_ROOT}/Target Support Files/Pods-TreasureHunter/Pods-TreasureHunter-resources.sh\"\n";
			showEnvVarsInLog = 0;
		};
		3F8FBA64AFF7A4ED25C38D6F /* [CP] Check Pods Manifest.lock */ = {
			isa = PBXShellScriptBuildPhase;
			buildActionMask = 2147483647;
			files = (
			);
			inputFileListPaths = (
			);
			inputPaths = (
				"${PODS_PODFILE_DIR_PATH}/Podfile.lock",
				"${PODS_ROOT}/Manifest.lock",
			);
			name = "[CP] Check Pods Manifest.lock";
			outputFileListPaths = (
			);
			outputPaths = (
				"$(DERIVED_FILE_DIR)/Pods-TreasureHunter-checkManifestLockResult.txt",
			);
			runOnlyForDeploymentPostprocessing = 0;
			shellPath = /bin/sh;
			shellScript = "diff \"${PODS_PODFILE_DIR_PATH}/Podfile.lock\" \"${PODS_ROOT}/Manifest.lock\" > /dev/null\nif [ $? != 0 ] ; then\n    # print error to STDERR\n    echo \"error: The sandbox is not in sync with the Podfile.lock. Run 'pod install' or update your CocoaPods installation.\" >&2\n    exit 1\nfi\n# This output is used by Xcode 'outputs' to avoid re-running this script phase.\necho \"SUCCESS\" > \"${SCRIPT_OUTPUT_FILE_0}\"\n";
			showEnvVarsInLog = 0;
		};
		74D90399467D7A19448A1F25 /* [CP] Embed Pods Frameworks */ = {
			isa = PBXShellScriptBuildPhase;
			buildActionMask = 2147483647;
			files = (
			);
			inputFileListPaths = (
				"${PODS_ROOT}/Target Support Files/Pods-TreasureHunter-TreasureHunterUITests/Pods-TreasureHunter-TreasureHunterUITests-frameworks-${CONFIGURATION}-input-files.xcfilelist",
			);
			name = "[CP] Embed Pods Frameworks";
			outputFileListPaths = (
				"${PODS_ROOT}/Target Support Files/Pods-TreasureHunter-TreasureHunterUITests/Pods-TreasureHunter-TreasureHunterUITests-frameworks-${CONFIGURATION}-output-files.xcfilelist",
			);
			runOnlyForDeploymentPostprocessing = 0;
			shellPath = /bin/sh;
			shellScript = "\"${PODS_ROOT}/Target Support Files/Pods-TreasureHunter-TreasureHunterUITests/Pods-TreasureHunter-TreasureHunterUITests-frameworks.sh\"\n";
			showEnvVarsInLog = 0;
		};
		AB96698274519E867A66FD46 /* [CP] Copy Pods Resources */ = {
			isa = PBXShellScriptBuildPhase;
			buildActionMask = 2147483647;
			files = (
			);
			inputFileListPaths = (
				"${PODS_ROOT}/Target Support Files/Pods-TreasureHunter-TreasureHunterUITests/Pods-TreasureHunter-TreasureHunterUITests-resources-${CONFIGURATION}-input-files.xcfilelist",
			);
			name = "[CP] Copy Pods Resources";
			outputFileListPaths = (
				"${PODS_ROOT}/Target Support Files/Pods-TreasureHunter-TreasureHunterUITests/Pods-TreasureHunter-TreasureHunterUITests-resources-${CONFIGURATION}-output-files.xcfilelist",
			);
			runOnlyForDeploymentPostprocessing = 0;
			shellPath = /bin/sh;
			shellScript = "\"${PODS_ROOT}/Target Support Files/Pods-TreasureHunter-TreasureHunterUITests/Pods-TreasureHunter-TreasureHunterUITests-resources.sh\"\n";
			showEnvVarsInLog = 0;
		};
		C570DC7ED6C5C4C702AC3575 /* [CP] Check Pods Manifest.lock */ = {
			isa = PBXShellScriptBuildPhase;
			buildActionMask = 2147483647;
			files = (
			);
			inputFileListPaths = (
			);
			inputPaths = (
				"${PODS_PODFILE_DIR_PATH}/Podfile.lock",
				"${PODS_ROOT}/Manifest.lock",
			);
			name = "[CP] Check Pods Manifest.lock";
			outputFileListPaths = (
			);
			outputPaths = (
				"$(DERIVED_FILE_DIR)/Pods-TreasureHunter-TreasureHunterUITests-checkManifestLockResult.txt",
			);
			runOnlyForDeploymentPostprocessing = 0;
			shellPath = /bin/sh;
			shellScript = "diff \"${PODS_PODFILE_DIR_PATH}/Podfile.lock\" \"${PODS_ROOT}/Manifest.lock\" > /dev/null\nif [ $? != 0 ] ; then\n    # print error to STDERR\n    echo \"error: The sandbox is not in sync with the Podfile.lock. Run 'pod install' or update your CocoaPods installation.\" >&2\n    exit 1\nfi\n# This output is used by Xcode 'outputs' to avoid re-running this script phase.\necho \"SUCCESS\" > \"${SCRIPT_OUTPUT_FILE_0}\"\n";
			showEnvVarsInLog = 0;
		};
		E5C75FB990393C23992CA3E5 /* [CP] Check Pods Manifest.lock */ = {
			isa = PBXShellScriptBuildPhase;
			buildActionMask = 2147483647;
			files = (
			);
			inputFileListPaths = (
			);
			inputPaths = (
				"${PODS_PODFILE_DIR_PATH}/Podfile.lock",
				"${PODS_ROOT}/Manifest.lock",
			);
			name = "[CP] Check Pods Manifest.lock";
			outputFileListPaths = (
			);
			outputPaths = (
				"$(DERIVED_FILE_DIR)/Pods-TreasureHunterTests-checkManifestLockResult.txt",
			);
			runOnlyForDeploymentPostprocessing = 0;
			shellPath = /bin/sh;
			shellScript = "diff \"${PODS_PODFILE_DIR_PATH}/Podfile.lock\" \"${PODS_ROOT}/Manifest.lock\" > /dev/null\nif [ $? != 0 ] ; then\n    # print error to STDERR\n    echo \"error: The sandbox is not in sync with the Podfile.lock. Run 'pod install' or update your CocoaPods installation.\" >&2\n    exit 1\nfi\n# This output is used by Xcode 'outputs' to avoid re-running this script phase.\necho \"SUCCESS\" > \"${SCRIPT_OUTPUT_FILE_0}\"\n";
			showEnvVarsInLog = 0;
		};
		EB142D2BC2D3766F5E44B668 /* [CP] Embed Pods Frameworks */ = {
			isa = PBXShellScriptBuildPhase;
			buildActionMask = 2147483647;
			files = (
			);
			inputFileListPaths = (
				"${PODS_ROOT}/Target Support Files/Pods-TreasureHunter/Pods-TreasureHunter-frameworks-${CONFIGURATION}-input-files.xcfilelist",
			);
			name = "[CP] Embed Pods Frameworks";
			outputFileListPaths = (
				"${PODS_ROOT}/Target Support Files/Pods-TreasureHunter/Pods-TreasureHunter-frameworks-${CONFIGURATION}-output-files.xcfilelist",
			);
			runOnlyForDeploymentPostprocessing = 0;
			shellPath = /bin/sh;
			shellScript = "\"${PODS_ROOT}/Target Support Files/Pods-TreasureHunter/Pods-TreasureHunter-frameworks.sh\"\n";
			showEnvVarsInLog = 0;
		};
/* End PBXShellScriptBuildPhase section */

/* Begin PBXSourcesBuildPhase section */
		E6CC24A02542F2BB004EF299 /* Sources */ = {
			isa = PBXSourcesBuildPhase;
			buildActionMask = 2147483647;
			files = (
				E6CC24A82542F2BB004EF299 /* AppDelegate.swift in Sources */,
				E6CC25322543FAEB004EF299 /* LoginController.swift in Sources */,
				E6CC24AA2542F2BB004EF299 /* SceneDelegate.swift in Sources */,
				BAE631EE2544665E005FAA21 /* HomeViewController.swift in Sources */,
			);
			runOnlyForDeploymentPostprocessing = 0;
		};
		E6CC24B62542F2BD004EF299 /* Sources */ = {
			isa = PBXSourcesBuildPhase;
			buildActionMask = 2147483647;
			files = (
				E6CC24BF2542F2BD004EF299 /* TreasureHunterTests.swift in Sources */,
			);
			runOnlyForDeploymentPostprocessing = 0;
		};
		E6CC24C12542F2BD004EF299 /* Sources */ = {
			isa = PBXSourcesBuildPhase;
			buildActionMask = 2147483647;
			files = (
				E6CC24CA2542F2BD004EF299 /* TreasureHunterUITests.swift in Sources */,
			);
			runOnlyForDeploymentPostprocessing = 0;
		};
/* End PBXSourcesBuildPhase section */

/* Begin PBXTargetDependency section */
		E6CC24BC2542F2BD004EF299 /* PBXTargetDependency */ = {
			isa = PBXTargetDependency;
			target = E6CC24A32542F2BB004EF299 /* TreasureHunter */;
			targetProxy = E6CC24BB2542F2BD004EF299 /* PBXContainerItemProxy */;
		};
		E6CC24C72542F2BD004EF299 /* PBXTargetDependency */ = {
			isa = PBXTargetDependency;
			target = E6CC24A32542F2BB004EF299 /* TreasureHunter */;
			targetProxy = E6CC24C62542F2BD004EF299 /* PBXContainerItemProxy */;
		};
/* End PBXTargetDependency section */

/* Begin PBXVariantGroup section */
		E6CC24AD2542F2BB004EF299 /* Main.storyboard */ = {
			isa = PBXVariantGroup;
			children = (
				E6CC24AE2542F2BB004EF299 /* Base */,
			);
			name = Main.storyboard;
			sourceTree = "<group>";
		};
		E6CC24B22542F2BD004EF299 /* LaunchScreen.storyboard */ = {
			isa = PBXVariantGroup;
			children = (
				E6CC24B32542F2BD004EF299 /* Base */,
			);
			name = LaunchScreen.storyboard;
			sourceTree = "<group>";
		};
/* End PBXVariantGroup section */

/* Begin XCBuildConfiguration section */
		E6CC24CC2542F2BD004EF299 /* Debug */ = {
			isa = XCBuildConfiguration;
			buildSettings = {
				ALWAYS_SEARCH_USER_PATHS = NO;
				CLANG_ANALYZER_NONNULL = YES;
				CLANG_ANALYZER_NUMBER_OBJECT_CONVERSION = YES_AGGRESSIVE;
				CLANG_CXX_LANGUAGE_STANDARD = "gnu++14";
				CLANG_CXX_LIBRARY = "libc++";
				CLANG_ENABLE_MODULES = YES;
				CLANG_ENABLE_OBJC_ARC = YES;
				CLANG_ENABLE_OBJC_WEAK = YES;
				CLANG_WARN_BLOCK_CAPTURE_AUTORELEASING = YES;
				CLANG_WARN_BOOL_CONVERSION = YES;
				CLANG_WARN_COMMA = YES;
				CLANG_WARN_CONSTANT_CONVERSION = YES;
				CLANG_WARN_DEPRECATED_OBJC_IMPLEMENTATIONS = YES;
				CLANG_WARN_DIRECT_OBJC_ISA_USAGE = YES_ERROR;
				CLANG_WARN_DOCUMENTATION_COMMENTS = YES;
				CLANG_WARN_EMPTY_BODY = YES;
				CLANG_WARN_ENUM_CONVERSION = YES;
				CLANG_WARN_INFINITE_RECURSION = YES;
				CLANG_WARN_INT_CONVERSION = YES;
				CLANG_WARN_NON_LITERAL_NULL_CONVERSION = YES;
				CLANG_WARN_OBJC_IMPLICIT_RETAIN_SELF = YES;
				CLANG_WARN_OBJC_LITERAL_CONVERSION = YES;
				CLANG_WARN_OBJC_ROOT_CLASS = YES_ERROR;
				CLANG_WARN_QUOTED_INCLUDE_IN_FRAMEWORK_HEADER = YES;
				CLANG_WARN_RANGE_LOOP_ANALYSIS = YES;
				CLANG_WARN_STRICT_PROTOTYPES = YES;
				CLANG_WARN_SUSPICIOUS_MOVE = YES;
				CLANG_WARN_UNGUARDED_AVAILABILITY = YES_AGGRESSIVE;
				CLANG_WARN_UNREACHABLE_CODE = YES;
				CLANG_WARN__DUPLICATE_METHOD_MATCH = YES;
				COPY_PHASE_STRIP = NO;
				DEBUG_INFORMATION_FORMAT = dwarf;
				ENABLE_STRICT_OBJC_MSGSEND = YES;
				ENABLE_TESTABILITY = YES;
				GCC_C_LANGUAGE_STANDARD = gnu11;
				GCC_DYNAMIC_NO_PIC = NO;
				GCC_NO_COMMON_BLOCKS = YES;
				GCC_OPTIMIZATION_LEVEL = 0;
				GCC_PREPROCESSOR_DEFINITIONS = (
					"DEBUG=1",
					"$(inherited)",
				);
				GCC_WARN_64_TO_32_BIT_CONVERSION = YES;
				GCC_WARN_ABOUT_RETURN_TYPE = YES_ERROR;
				GCC_WARN_UNDECLARED_SELECTOR = YES;
				GCC_WARN_UNINITIALIZED_AUTOS = YES_AGGRESSIVE;
				GCC_WARN_UNUSED_FUNCTION = YES;
				GCC_WARN_UNUSED_VARIABLE = YES;
				IPHONEOS_DEPLOYMENT_TARGET = 14.0;
				MTL_ENABLE_DEBUG_INFO = INCLUDE_SOURCE;
				MTL_FAST_MATH = YES;
				ONLY_ACTIVE_ARCH = YES;
				SDKROOT = iphoneos;
				SWIFT_ACTIVE_COMPILATION_CONDITIONS = DEBUG;
				SWIFT_OPTIMIZATION_LEVEL = "-Onone";
			};
			name = Debug;
		};
		E6CC24CD2542F2BD004EF299 /* Release */ = {
			isa = XCBuildConfiguration;
			buildSettings = {
				ALWAYS_SEARCH_USER_PATHS = NO;
				CLANG_ANALYZER_NONNULL = YES;
				CLANG_ANALYZER_NUMBER_OBJECT_CONVERSION = YES_AGGRESSIVE;
				CLANG_CXX_LANGUAGE_STANDARD = "gnu++14";
				CLANG_CXX_LIBRARY = "libc++";
				CLANG_ENABLE_MODULES = YES;
				CLANG_ENABLE_OBJC_ARC = YES;
				CLANG_ENABLE_OBJC_WEAK = YES;
				CLANG_WARN_BLOCK_CAPTURE_AUTORELEASING = YES;
				CLANG_WARN_BOOL_CONVERSION = YES;
				CLANG_WARN_COMMA = YES;
				CLANG_WARN_CONSTANT_CONVERSION = YES;
				CLANG_WARN_DEPRECATED_OBJC_IMPLEMENTATIONS = YES;
				CLANG_WARN_DIRECT_OBJC_ISA_USAGE = YES_ERROR;
				CLANG_WARN_DOCUMENTATION_COMMENTS = YES;
				CLANG_WARN_EMPTY_BODY = YES;
				CLANG_WARN_ENUM_CONVERSION = YES;
				CLANG_WARN_INFINITE_RECURSION = YES;
				CLANG_WARN_INT_CONVERSION = YES;
				CLANG_WARN_NON_LITERAL_NULL_CONVERSION = YES;
				CLANG_WARN_OBJC_IMPLICIT_RETAIN_SELF = YES;
				CLANG_WARN_OBJC_LITERAL_CONVERSION = YES;
				CLANG_WARN_OBJC_ROOT_CLASS = YES_ERROR;
				CLANG_WARN_QUOTED_INCLUDE_IN_FRAMEWORK_HEADER = YES;
				CLANG_WARN_RANGE_LOOP_ANALYSIS = YES;
				CLANG_WARN_STRICT_PROTOTYPES = YES;
				CLANG_WARN_SUSPICIOUS_MOVE = YES;
				CLANG_WARN_UNGUARDED_AVAILABILITY = YES_AGGRESSIVE;
				CLANG_WARN_UNREACHABLE_CODE = YES;
				CLANG_WARN__DUPLICATE_METHOD_MATCH = YES;
				COPY_PHASE_STRIP = NO;
				DEBUG_INFORMATION_FORMAT = "dwarf-with-dsym";
				ENABLE_NS_ASSERTIONS = NO;
				ENABLE_STRICT_OBJC_MSGSEND = YES;
				GCC_C_LANGUAGE_STANDARD = gnu11;
				GCC_NO_COMMON_BLOCKS = YES;
				GCC_WARN_64_TO_32_BIT_CONVERSION = YES;
				GCC_WARN_ABOUT_RETURN_TYPE = YES_ERROR;
				GCC_WARN_UNDECLARED_SELECTOR = YES;
				GCC_WARN_UNINITIALIZED_AUTOS = YES_AGGRESSIVE;
				GCC_WARN_UNUSED_FUNCTION = YES;
				GCC_WARN_UNUSED_VARIABLE = YES;
				IPHONEOS_DEPLOYMENT_TARGET = 14.0;
				MTL_ENABLE_DEBUG_INFO = NO;
				MTL_FAST_MATH = YES;
				SDKROOT = iphoneos;
				SWIFT_COMPILATION_MODE = wholemodule;
				SWIFT_OPTIMIZATION_LEVEL = "-O";
				VALIDATE_PRODUCT = YES;
			};
			name = Release;
		};
		E6CC24CF2542F2BD004EF299 /* Debug */ = {
			isa = XCBuildConfiguration;
			baseConfigurationReference = D630200ED411D2A075E7DE84 /* Pods-TreasureHunter.debug.xcconfig */;
			buildSettings = {
				ASSETCATALOG_COMPILER_APPICON_NAME = AppIcon;
				ASSETCATALOG_COMPILER_GLOBAL_ACCENT_COLOR_NAME = AccentColor;
				CODE_SIGN_STYLE = Automatic;
				DEVELOPMENT_TEAM = J22K3L8T2A;
				INFOPLIST_FILE = TreasureHunter/Info.plist;
				LD_RUNPATH_SEARCH_PATHS = (
					"$(inherited)",
					"@executable_path/Frameworks",
				);
				PRODUCT_BUNDLE_IDENTIFIER = edu.monash.TreasureHunter;
				PRODUCT_NAME = "$(TARGET_NAME)";
				SWIFT_VERSION = 5.0;
				TARGETED_DEVICE_FAMILY = "1,2";
			};
			name = Debug;
		};
		E6CC24D02542F2BD004EF299 /* Release */ = {
			isa = XCBuildConfiguration;
			baseConfigurationReference = 6F03937542B01CF089C6060B /* Pods-TreasureHunter.release.xcconfig */;
			buildSettings = {
				ASSETCATALOG_COMPILER_APPICON_NAME = AppIcon;
				ASSETCATALOG_COMPILER_GLOBAL_ACCENT_COLOR_NAME = AccentColor;
				CODE_SIGN_STYLE = Automatic;
				DEVELOPMENT_TEAM = J22K3L8T2A;
				INFOPLIST_FILE = TreasureHunter/Info.plist;
				LD_RUNPATH_SEARCH_PATHS = (
					"$(inherited)",
					"@executable_path/Frameworks",
				);
				PRODUCT_BUNDLE_IDENTIFIER = edu.monash.TreasureHunter;
				PRODUCT_NAME = "$(TARGET_NAME)";
				SWIFT_VERSION = 5.0;
				TARGETED_DEVICE_FAMILY = "1,2";
			};
			name = Release;
		};
		E6CC24D22542F2BD004EF299 /* Debug */ = {
			isa = XCBuildConfiguration;
			baseConfigurationReference = 76BD4FDB5DF560E67D4AAB95 /* Pods-TreasureHunterTests.debug.xcconfig */;
			buildSettings = {
				ALWAYS_EMBED_SWIFT_STANDARD_LIBRARIES = YES;
				BUNDLE_LOADER = "$(TEST_HOST)";
				CODE_SIGN_STYLE = Automatic;
				DEVELOPMENT_TEAM = J22K3L8T2A;
				INFOPLIST_FILE = TreasureHunterTests/Info.plist;
				IPHONEOS_DEPLOYMENT_TARGET = 14.0;
				LD_RUNPATH_SEARCH_PATHS = (
					"$(inherited)",
					"@executable_path/Frameworks",
					"@loader_path/Frameworks",
				);
				PRODUCT_BUNDLE_IDENTIFIER = edu.monash.TreasureHunterTests;
				PRODUCT_NAME = "$(TARGET_NAME)";
				SWIFT_VERSION = 5.0;
				TARGETED_DEVICE_FAMILY = "1,2";
				TEST_HOST = "$(BUILT_PRODUCTS_DIR)/TreasureHunter.app/TreasureHunter";
			};
			name = Debug;
		};
		E6CC24D32542F2BD004EF299 /* Release */ = {
			isa = XCBuildConfiguration;
			baseConfigurationReference = 6B6D814EC850925ACDCCFC26 /* Pods-TreasureHunterTests.release.xcconfig */;
			buildSettings = {
				ALWAYS_EMBED_SWIFT_STANDARD_LIBRARIES = YES;
				BUNDLE_LOADER = "$(TEST_HOST)";
				CODE_SIGN_STYLE = Automatic;
				DEVELOPMENT_TEAM = J22K3L8T2A;
				INFOPLIST_FILE = TreasureHunterTests/Info.plist;
				IPHONEOS_DEPLOYMENT_TARGET = 14.0;
				LD_RUNPATH_SEARCH_PATHS = (
					"$(inherited)",
					"@executable_path/Frameworks",
					"@loader_path/Frameworks",
				);
				PRODUCT_BUNDLE_IDENTIFIER = edu.monash.TreasureHunterTests;
				PRODUCT_NAME = "$(TARGET_NAME)";
				SWIFT_VERSION = 5.0;
				TARGETED_DEVICE_FAMILY = "1,2";
				TEST_HOST = "$(BUILT_PRODUCTS_DIR)/TreasureHunter.app/TreasureHunter";
			};
			name = Release;
		};
		E6CC24D52542F2BD004EF299 /* Debug */ = {
			isa = XCBuildConfiguration;
			baseConfigurationReference = 7F41D293B17E1A90EB5C3B21 /* Pods-TreasureHunter-TreasureHunterUITests.debug.xcconfig */;
			buildSettings = {
				ALWAYS_EMBED_SWIFT_STANDARD_LIBRARIES = YES;
				CODE_SIGN_STYLE = Automatic;
				DEVELOPMENT_TEAM = J22K3L8T2A;
				INFOPLIST_FILE = TreasureHunterUITests/Info.plist;
				LD_RUNPATH_SEARCH_PATHS = (
					"$(inherited)",
					"@executable_path/Frameworks",
					"@loader_path/Frameworks",
				);
				PRODUCT_BUNDLE_IDENTIFIER = edu.monash.TreasureHunterUITests;
				PRODUCT_NAME = "$(TARGET_NAME)";
				SWIFT_VERSION = 5.0;
				TARGETED_DEVICE_FAMILY = "1,2";
				TEST_TARGET_NAME = TreasureHunter;
			};
			name = Debug;
		};
		E6CC24D62542F2BD004EF299 /* Release */ = {
			isa = XCBuildConfiguration;
			baseConfigurationReference = 3B45E7949ED7F3CB7803B646 /* Pods-TreasureHunter-TreasureHunterUITests.release.xcconfig */;
			buildSettings = {
				ALWAYS_EMBED_SWIFT_STANDARD_LIBRARIES = YES;
				CODE_SIGN_STYLE = Automatic;
				DEVELOPMENT_TEAM = J22K3L8T2A;
				INFOPLIST_FILE = TreasureHunterUITests/Info.plist;
				LD_RUNPATH_SEARCH_PATHS = (
					"$(inherited)",
					"@executable_path/Frameworks",
					"@loader_path/Frameworks",
				);
				PRODUCT_BUNDLE_IDENTIFIER = edu.monash.TreasureHunterUITests;
				PRODUCT_NAME = "$(TARGET_NAME)";
				SWIFT_VERSION = 5.0;
				TARGETED_DEVICE_FAMILY = "1,2";
				TEST_TARGET_NAME = TreasureHunter;
			};
			name = Release;
		};
/* End XCBuildConfiguration section */

/* Begin XCConfigurationList section */
		E6CC249F2542F2BB004EF299 /* Build configuration list for PBXProject "TreasureHunter" */ = {
			isa = XCConfigurationList;
			buildConfigurations = (
				E6CC24CC2542F2BD004EF299 /* Debug */,
				E6CC24CD2542F2BD004EF299 /* Release */,
			);
			defaultConfigurationIsVisible = 0;
			defaultConfigurationName = Release;
		};
		E6CC24CE2542F2BD004EF299 /* Build configuration list for PBXNativeTarget "TreasureHunter" */ = {
			isa = XCConfigurationList;
			buildConfigurations = (
				E6CC24CF2542F2BD004EF299 /* Debug */,
				E6CC24D02542F2BD004EF299 /* Release */,
			);
			defaultConfigurationIsVisible = 0;
			defaultConfigurationName = Release;
		};
		E6CC24D12542F2BD004EF299 /* Build configuration list for PBXNativeTarget "TreasureHunterTests" */ = {
			isa = XCConfigurationList;
			buildConfigurations = (
				E6CC24D22542F2BD004EF299 /* Debug */,
				E6CC24D32542F2BD004EF299 /* Release */,
			);
			defaultConfigurationIsVisible = 0;
			defaultConfigurationName = Release;
		};
		E6CC24D42542F2BD004EF299 /* Build configuration list for PBXNativeTarget "TreasureHunterUITests" */ = {
			isa = XCConfigurationList;
			buildConfigurations = (
				E6CC24D52542F2BD004EF299 /* Debug */,
				E6CC24D62542F2BD004EF299 /* Release */,
			);
			defaultConfigurationIsVisible = 0;
			defaultConfigurationName = Release;
		};
/* End XCConfigurationList section */
	};
	rootObject = E6CC249C2542F2BB004EF299 /* Project object */;
}
